github.com/dolmen-go/jsonptr v0.0.0-20190605225012-a9a7ae01cd7d h1:dHAlmt9T9UIIhY6kCyEfVjAT5wutEuwKX/yqm43mEos=
github.com/dolmen-go/jsonptr v0.0.0-20190605225012-a9a7ae01cd7d/go.mod h1:GG6FAkYtUFD/rqS31kfcho/lSCed6Gqm1X0uiIEU0tA=
github.com/mohae/deepcopy v0.0.0-20170929034955-c48cc78d4826 h1:RWengNIwukTxcDr9M+97sNutRR1RKhG96O6jWumTTnw=
github.com/mohae/deepcopy v0.0.0-20170929034955-c48cc78d4826/go.mod h1:TaXosZuwdSHYgviHp1DAtfrULt5eUgsSMsZf+YrPgl8=
