github.com/dolmen-go/jsonptr v0.0.0-20220831184138-ddfd016a21dc h1:5X3H3dRuXFluVcSx1NqYLTZcAagjmL3Xu8W5wf4D7F8=
github.com/dolmen-go/jsonptr v0.0.0-20220831184138-ddfd016a21dc/go.mod h1:+6ZQtcQuiOH4ATMF+4885rhnE3FaM++MhE7m7vM302s=
github.com/mohae/deepcopy v0.0.0-20170929034955-c48cc78d4826 h1:RWengNIwukTxcDr9M+97sNutRR1RKhG96O6jWumTTnw=
github.com/mohae/deepcopy v0.0.0-20170929034955-c48cc78d4826/go.mod h1:TaXosZuwdSHYgviHp1DAtfrULt5eUgsSMsZf+YrPgl8=
